// !$*UTF8*$!
{
	archiveVersion = 1;
	classes = {
	};
	objectVersion = 46;
	objects = {

/* Begin PBXBuildFile section */
		306477701C97D948003946DB /* AppDelegate.swift in Sources */ = {isa = PBXBuildFile; fileRef = 3064776F1C97D948003946DB /* AppDelegate.swift */; };
		306477751C97D948003946DB /* Main.storyboard in Resources */ = {isa = PBXBuildFile; fileRef = 306477731C97D948003946DB /* Main.storyboard */; };
		306477771C97D948003946DB /* Assets.xcassets in Resources */ = {isa = PBXBuildFile; fileRef = 306477761C97D948003946DB /* Assets.xcassets */; };
		3064777A1C97D948003946DB /* LaunchScreen.storyboard in Resources */ = {isa = PBXBuildFile; fileRef = 306477781C97D948003946DB /* LaunchScreen.storyboard */; };
		306477821C97D9CF003946DB /* ItemsViewController.swift in Sources */ = {isa = PBXBuildFile; fileRef = 306477811C97D9CF003946DB /* ItemsViewController.swift */; };
		306477841C97DA87003946DB /* Item.swift in Sources */ = {isa = PBXBuildFile; fileRef = 306477831C97DA87003946DB /* Item.swift */; };
		306477861C97E33E003946DB /* ItemStore.swift in Sources */ = {isa = PBXBuildFile; fileRef = 306477851C97E33E003946DB /* ItemStore.swift */; };
/* End PBXBuildFile section */

/* Begin PBXFileReference section */
		3064776C1C97D948003946DB /* Homepwner.app */ = {isa = PBXFileReference; explicitFileType = wrapper.application; includeInIndex = 0; path = Homepwner.app; sourceTree = BUILT_PRODUCTS_DIR; };
		3064776F1C97D948003946DB /* AppDelegate.swift */ = {isa = PBXFileReference; lastKnownFileType = sourcecode.swift; path = AppDelegate.swift; sourceTree = "<group>"; };
		306477741C97D948003946DB /* Base */ = {isa = PBXFileReference; lastKnownFileType = file.storyboard; name = Base; path = Base.lproj/Main.storyboard; sourceTree = "<group>"; };
		306477761C97D948003946DB /* Assets.xcassets */ = {isa = PBXFileReference; lastKnownFileType = folder.assetcatalog; path = Assets.xcassets; sourceTree = "<group>"; };
		306477791C97D948003946DB /* Base */ = {isa = PBXFileReference; lastKnownFileType = file.storyboard; name = Base; path = Base.lproj/LaunchScreen.storyboard; sourceTree = "<group>"; };
		3064777B1C97D948003946DB /* Info.plist */ = {isa = PBXFileReference; lastKnownFileType = text.plist.xml; path = Info.plist; sourceTree = "<group>"; };
		306477811C97D9CF003946DB /* ItemsViewController.swift */ = {isa = PBXFileReference; fileEncoding = 4; lastKnownFileType = sourcecode.swift; name = ItemsViewController.swift; path = ../ItemsViewController.swift; sourceTree = "<group>"; };
		306477831C97DA87003946DB /* Item.swift */ = {isa = PBXFileReference; fileEncoding = 4; lastKnownFileType = sourcecode.swift; name = Item.swift; path = ../Item.swift; sourceTree = "<group>"; };
		306477851C97E33E003946DB /* ItemStore.swift */ = {isa = PBXFileReference; fileEncoding = 4; lastKnownFileType = sourcecode.swift; name = ItemStore.swift; path = ../ItemStore.swift; sourceTree = "<group>"; };
/* End PBXFileReference section */

/* Begin PBXFrameworksBuildPhase section */
		306477691C97D948003946DB /* Frameworks */ = {
			isa = PBXFrameworksBuildPhase;
			buildActionMask = 2147483647;
			files = (
			);
			runOnlyForDeploymentPostprocessing = 0;
		};
/* End PBXFrameworksBuildPhase section */

/* Begin PBXGroup section */
		306477631C97D948003946DB = {
			isa = PBXGroup;
			children = (
				3064776E1C97D948003946DB /* Homepwner */,
				3064776D1C97D948003946DB /* Products */,
			);
			sourceTree = "<group>";
		};
		3064776D1C97D948003946DB /* Products */ = {
			isa = PBXGroup;
			children = (
				3064776C1C97D948003946DB /* Homepwner.app */,
			);
			name = Products;
			sourceTree = "<group>";
		};
		3064776E1C97D948003946DB /* Homepwner */ = {
			isa = PBXGroup;
			children = (
				306477851C97E33E003946DB /* ItemStore.swift */,
				306477831C97DA87003946DB /* Item.swift */,
				306477811C97D9CF003946DB /* ItemsViewController.swift */,
				3064776F1C97D948003946DB /* AppDelegate.swift */,
				306477731C97D948003946DB /* Main.storyboard */,
				306477761C97D948003946DB /* Assets.xcassets */,
				306477781C97D948003946DB /* LaunchScreen.storyboard */,
				3064777B1C97D948003946DB /* Info.plist */,
			);
			path = Homepwner;
			sourceTree = "<group>";
		};
/* End PBXGroup section */

/* Begin PBXNativeTarget section */
		3064776B1C97D948003946DB /* Homepwner */ = {
			isa = PBXNativeTarget;
			buildConfigurationList = 3064777E1C97D948003946DB /* Build configuration list for PBXNativeTarget "Homepwner" */;
			buildPhases = (
				306477681C97D948003946DB /* Sources */,
				306477691C97D948003946DB /* Frameworks */,
				3064776A1C97D948003946DB /* Resources */,
			);
			buildRules = (
			);
			dependencies = (
			);
			name = Homepwner;
			productName = Homepwner;
			productReference = 3064776C1C97D948003946DB /* Homepwner.app */;
			productType = "com.apple.product-type.application";
		};
/* End PBXNativeTarget section */

/* Begin PBXProject section */
		306477641C97D948003946DB /* Project object */ = {
			isa = PBXProject;
			attributes = {
				LastSwiftUpdateCheck = 0720;
				LastUpgradeCheck = 0720;
				ORGANIZATIONNAME = "Roman Ustiantcev";
				TargetAttributes = {
					3064776B1C97D948003946DB = {
						CreatedOnToolsVersion = 7.2.1;
						DevelopmentTeam = NVMU6WZ9AZ;
					};
				};
			};
			buildConfigurationList = 306477671C97D948003946DB /* Build configuration list for PBXProject "Homepwner" */;
			compatibilityVersion = "Xcode 3.2";
			developmentRegion = English;
			hasScannedForEncodings = 0;
			knownRegions = (
				en,
				Base,
			);
			mainGroup = 306477631C97D948003946DB;
			productRefGroup = 3064776D1C97D948003946DB /* Products */;
			projectDirPath = "";
			projectRoot = "";
			targets = (
				3064776B1C97D948003946DB /* Homepwner */,
			);
		};
/* End PBXProject section */

/* Begin PBXResourcesBuildPhase section */
		3064776A1C97D948003946DB /* Resources */ = {
			isa = PBXResourcesBuildPhase;
			buildActionMask = 2147483647;
			files = (
				3064777A1C97D948003946DB /* LaunchScreen.storyboard in Resources */,
				306477771C97D948003946DB /* Assets.xcassets in Resources */,
				306477751C97D948003946DB /* Main.storyboard in Resources */,
			);
			runOnlyForDeploymentPostprocessing = 0;
		};
/* End PBXResourcesBuildPhase section */

/* Begin PBXSourcesBuildPhase section */
		306477681C97D948003946DB /* Sources */ = {
			isa = PBXSourcesBuildPhase;
			buildActionMask = 2147483647;
			files = (
				306477821C97D9CF003946DB /* ItemsViewController.swift in Sources */,
				306477841C97DA87003946DB /* Item.swift in Sources */,
				306477861C97E33E003946DB /* ItemStore.swift in Sources */,
				306477701C97D948003946DB /* AppDelegate.swift in Sources */,
			);
			runOnlyForDeploymentPostprocessing = 0;
		};
/* End PBXSourcesBuildPhase section */

/* Begin PBXVariantGroup section */
		306477731C97D948003946DB /* Main.storyboard */ = {
			isa = PBXVariantGroup;
			children = (
				306477741C97D948003946DB /* Base */,
			);
			name = Main.storyboard;
			sourceTree = "<group>";
		};
		306477781C97D948003946DB /* LaunchScreen.storyboard */ = {
			isa = PBXVariantGroup;
			children = (
				306477791C97D948003946DB /* Base */,
			);
			name = LaunchScreen.storyboard;
			sourceTree = "<group>";
		};
/* End PBXVariantGroup section */

/* Begin XCBuildConfiguration section */
		3064777C1C97D948003946DB /* Debug */ = {
			isa = XCBuildConfiguration;
			buildSettings = {
				ALWAYS_SEARCH_USER_PATHS = NO;
				CLANG_CXX_LANGUAGE_STANDARD = "gnu++0x";
				CLANG_CXX_LIBRARY = "libc++";
				CLANG_ENABLE_MODULES = YES;
				CLANG_ENABLE_OBJC_ARC = YES;
				CLANG_WARN_BOOL_CONVERSION = YES;
				CLANG_WARN_CONSTANT_CONVERSION = YES;
				CLANG_WARN_DIRECT_OBJC_ISA_USAGE = YES_ERROR;
				CLANG_WARN_EMPTY_BODY = YES;
				CLANG_WARN_ENUM_CONVERSION = YES;
				CLANG_WARN_INT_CONVERSION = YES;
				CLANG_WARN_OBJC_ROOT_CLASS = YES_ERROR;
				CLANG_WARN_UNREACHABLE_CODE = YES;
				CLANG_WARN__DUPLICATE_METHOD_MATCH = YES;
				"CODE_SIGN_IDENTITY[sdk=iphoneos*]" = "iPhone Developer";
				COPY_PHASE_STRIP = NO;
				DEBUG_INFORMATION_FORMAT = dwarf;
				ENABLE_STRICT_OBJC_MSGSEND = YES;
				ENABLE_TESTABILITY = YES;
				GCC_C_LANGUAGE_STANDARD = gnu99;
				GCC_DYNAMIC_NO_PIC = NO;
				GCC_NO_COMMON_BLOCKS = YES;
				GCC_OPTIMIZATION_LEVEL = 0;
				GCC_PREPROCESSOR_DEFINITIONS = (
					"DEBUG=1",
					"$(inherited)",
				);
				GCC_WARN_64_TO_32_BIT_CONVERSION = YES;
				GCC_WARN_ABOUT_RETURN_TYPE = YES_ERROR;
				GCC_WARN_UNDECLARED_SELECTOR = YES;
				GCC_WARN_UNINITIALIZED_AUTOS = YES_AGGRESSIVE;
				GCC_WARN_UNUSED_FUNCTION = YES;
				GCC_WARN_UNUSED_VARIABLE = YES;
				IPHONEOS_DEPLOYMENT_TARGET = 9.2;
				MTL_ENABLE_DEBUG_INFO = YES;
				ONLY_ACTIVE_ARCH = YES;
				SDKROOT = iphoneos;
				SWIFT_OPTIMIZATION_LEVEL = "-Onone";
			};
			name = Debug;
		};
		3064777D1C97D948003946DB /* Release */ = {
			isa = XCBuildConfiguration;
			buildSettings = {
				ALWAYS_SEARCH_USER_PATHS = NO;
				CLANG_CXX_LANGUAGE_STANDARD = "gnu++0x";
				CLANG_CXX_LIBRARY = "libc++";
				CLANG_ENABLE_MODULES = YES;
				CLANG_ENABLE_OBJC_ARC = YES;
				CLANG_WARN_BOOL_CONVERSION = YES;
				CLANG_WARN_CONSTANT_CONVERSION = YES;
				CLANG_WARN_DIRECT_OBJC_ISA_USAGE = YES_ERROR;
				CLANG_WARN_EMPTY_BODY = YES;
				CLANG_WARN_ENUM_CONVERSION = YES;
				CLANG_WARN_INT_CONVERSION = YES;
				CLANG_WARN_OBJC_ROOT_CLASS = YES_ERROR;
				CLANG_WARN_UNREACHABLE_CODE = YES;
				CLANG_WARN__DUPLICATE_METHOD_MATCH = YES;
				"CODE_SIGN_IDENTITY[sdk=iphoneos*]" = "iPhone Developer";
				COPY_PHASE_STRIP = NO;
				DEBUG_INFORMATION_FORMAT = "dwarf-with-dsym";
				ENABLE_NS_ASSERTIONS = NO;
				ENABLE_STRICT_OBJC_MSGSEND = YES;
				GCC_C_LANGUAGE_STANDARD = gnu99;
				GCC_NO_COMMON_BLOCKS = YES;
				GCC_WARN_64_TO_32_BIT_CONVERSION = YES;
				GCC_WARN_ABOUT_RETURN_TYPE = YES_ERROR;
				GCC_WARN_UNDECLARED_SELECTOR = YES;
				GCC_WARN_UNINITIALIZED_AUTOS = YES_AGGRESSIVE;
				GCC_WARN_UNUSED_FUNCTION = YES;
				GCC_WARN_UNUSED_VARIABLE = YES;
				IPHONEOS_DEPLOYMENT_TARGET = 9.2;
				MTL_ENABLE_DEBUG_INFO = NO;
				SDKROOT = iphoneos;
				VALIDATE_PRODUCT = YES;
			};
			name = Release;
		};
		3064777F1C97D948003946DB /* Debug */ = {
			isa = XCBuildConfiguration;
			buildSettings = {
				ASSETCATALOG_COMPILER_APPICON_NAME = AppIcon;
				INFOPLIST_FILE = Homepwner/Info.plist;
				LD_RUNPATH_SEARCH_PATHS = "$(inherited) @executable_path/Frameworks";
				PRODUCT_BUNDLE_IDENTIFIER = "com.ra-portfolio.Homepwner";
				PRODUCT_NAME = "$(TARGET_NAME)";
			};
			name = Debug;
		};
		306477801C97D948003946DB /* Release */ = {
			isa = XCBuildConfiguration;
			buildSettings = {
				ASSETCATALOG_COMPILER_APPICON_NAME = AppIcon;
				INFOPLIST_FILE = Homepwner/Info.plist;
				LD_RUNPATH_SEARCH_PATHS = "$(inherited) @executable_path/Frameworks";
				PRODUCT_BUNDLE_IDENTIFIER = "com.ra-portfolio.Homepwner";
				PRODUCT_NAME = "$(TARGET_NAME)";
			};
			name = Release;
		};
/* End XCBuildConfiguration section */

/* Begin XCConfigurationList section */
		306477671C97D948003946DB /* Build configuration list for PBXProject "Homepwner" */ = {
			isa = XCConfigurationList;
			buildConfigurations = (
				3064777C1C97D948003946DB /* Debug */,
				3064777D1C97D948003946DB /* Release */,
			);
			defaultConfigurationIsVisible = 0;
			defaultConfigurationName = Release;
		};
		3064777E1C97D948003946DB /* Build configuration list for PBXNativeTarget "Homepwner" */ = {
			isa = XCConfigurationList;
			buildConfigurations = (
				3064777F1C97D948003946DB /* Debug */,
				306477801C97D948003946DB /* Release */,
			);
			defaultConfigurationIsVisible = 0;
		};
/* End XCConfigurationList section */
	};
	rootObject = 306477641C97D948003946DB /* Project object */;
}
